
Microsoft Visual Studio Solution File, Format Version 12.00
# Visual Studio Version 17
VisualStudioVersion = 17.11.35222.181
MinimumVisualStudioVersion = 10.0.40219.1
Project("{8BC9CEB8-8B4A-11D0-8D11-00A0C91BC942}") = "Lab5.3", "Lab5.3.vcxproj", "{513FCB43-408F-451D-8AF3-A3D038003CD8}"
EndProject
Project("{8BC9CEB8-8B4A-11D0-8D11-00A0C91BC942}") = "UnitTest1", "UnitTest1\UnitTest1.vcxproj", "{913DCDAA-CF0D-4834-8016-0B9DC62503DE}"
EndProject
Global
	GlobalSection(SolutionConfigurationPlatforms) = preSolution
		Debug|x64 = Debug|x64
		Debug|x86 = Debug|x86
		Release|x64 = Release|x64
		Release|x86 = Release|x86
	EndGlobalSection
	GlobalSection(ProjectConfigurationPlatforms) = postSolution
		{513FCB43-408F-451D-8AF3-A3D038003CD8}.Debug|x64.ActiveCfg = Debug|x64
		{513FCB43-408F-451D-8AF3-A3D038003CD8}.Debug|x64.Build.0 = Debug|x64
		{513FCB43-408F-451D-8AF3-A3D038003CD8}.Debug|x86.ActiveCfg = Debug|Win32
		{513FCB43-408F-451D-8AF3-A3D038003CD8}.Debug|x86.Build.0 = Debug|Win32
		{513FCB43-408F-451D-8AF3-A3D038003CD8}.Release|x64.ActiveCfg = Release|x64
		{513FCB43-408F-451D-8AF3-A3D038003CD8}.Release|x64.Build.0 = Release|x64
		{513FCB43-408F-451D-8AF3-A3D038003CD8}.Release|x86.ActiveCfg = Release|Win32
		{513FCB43-408F-451D-8AF3-A3D038003CD8}.Release|x86.Build.0 = Release|Win32
		{913DCDAA-CF0D-4834-8016-0B9DC62503DE}.Debug|x64.ActiveCfg = Debug|x64
		{913DCDAA-CF0D-4834-8016-0B9DC62503DE}.Debug|x64.Build.0 = Debug|x64
		{913DCDAA-CF0D-4834-8016-0B9DC62503DE}.Debug|x86.ActiveCfg = Debug|Win32
		{913DCDAA-CF0D-4834-8016-0B9DC62503DE}.Debug|x86.Build.0 = Debug|Win32
		{913DCDAA-CF0D-4834-8016-0B9DC62503DE}.Release|x64.ActiveCfg = Release|x64
		{913DCDAA-CF0D-4834-8016-0B9DC62503DE}.Release|x64.Build.0 = Release|x64
		{913DCDAA-CF0D-4834-8016-0B9DC62503DE}.Release|x86.ActiveCfg = Release|Win32
		{913DCDAA-CF0D-4834-8016-0B9DC62503DE}.Release|x86.Build.0 = Release|Win32
	EndGlobalSection
	GlobalSection(SolutionProperties) = preSolution
		HideSolutionNode = FALSE
	EndGlobalSection
	GlobalSection(ExtensibilityGlobals) = postSolution
		SolutionGuid = {29CDBCE0-4C28-4F96-A83E-6755F5A9B502}
	EndGlobalSection
EndGlobal
